
Microsoft Visual Studio Solution File, Format Version 12.00
# Visual Studio 15
VisualStudioVersion = 15.0.28307.421
MinimumVisualStudioVersion = 10.0.40219.1
Project("{FAE04EC0-301F-11D3-BF4B-00C04F79EFBC}") = "applyingsocketprogramming", "applyingsocketprogramming\applyingsocketprogramming.csproj", "{90E7A6E7-20EF-4B70-8A98-5E082E9AE7A4}"
EndProject
Global
	GlobalSection(SolutionConfigurationPlatforms) = preSolution
		Debug|Any CPU = Debug|Any CPU
		Release|Any CPU = Release|Any CPU
	EndGlobalSection
	GlobalSection(ProjectConfigurationPlatforms) = postSolution
		{90E7A6E7-20EF-4B70-8A98-5E082E9AE7A4}.Debug|Any CPU.ActiveCfg = Debug|Any CPU
		{90E7A6E7-20EF-4B70-8A98-5E082E9AE7A4}.Debug|Any CPU.Build.0 = Debug|Any CPU
		{90E7A6E7-20EF-4B70-8A98-5E082E9AE7A4}.Release|Any CPU.ActiveCfg = Release|Any CPU
		{90E7A6E7-20EF-4B70-8A98-5E082E9AE7A4}.Release|Any CPU.Build.0 = Release|Any CPU
	EndGlobalSection
	GlobalSection(SolutionProperties) = preSolution
		HideSolutionNode = FALSE
	EndGlobalSection
	GlobalSection(ExtensibilityGlobals) = postSolution
		SolutionGuid = {E8DA1838-A2D2-4CE6-9113-7929AE50C988}
	EndGlobalSection
EndGlobal
