
Microsoft Visual Studio Solution File, Format Version 12.00
# Visual Studio Version 16
VisualStudioVersion = 16.0.28803.452
MinimumVisualStudioVersion = 10.0.40219.1
Project("{888888A0-9F3D-457C-B088-3A5042F75D52}") = "bubble_sort", "bubble_sort\bubble_sort.pyproj", "{9C9CD26F-05CE-41FE-B91D-D0B86FD7FF82}"
EndProject
Global
	GlobalSection(SolutionConfigurationPlatforms) = preSolution
		Debug|Any CPU = Debug|Any CPU
		Release|Any CPU = Release|Any CPU
	EndGlobalSection
	GlobalSection(ProjectConfigurationPlatforms) = postSolution
		{9C9CD26F-05CE-41FE-B91D-D0B86FD7FF82}.Debug|Any CPU.ActiveCfg = Debug|Any CPU
		{9C9CD26F-05CE-41FE-B91D-D0B86FD7FF82}.Release|Any CPU.ActiveCfg = Release|Any CPU
	EndGlobalSection
	GlobalSection(SolutionProperties) = preSolution
		HideSolutionNode = FALSE
	EndGlobalSection
	GlobalSection(ExtensibilityGlobals) = postSolution
		SolutionGuid = {B023E583-0016-486A-97C2-1B24430B766C}
	EndGlobalSection
EndGlobal
