
Microsoft Visual Studio Solution File, Format Version 12.00
# Visual Studio Version 16
VisualStudioVersion = 16.0.28803.452
MinimumVisualStudioVersion = 10.0.40219.1
Project("{8BC9CEB8-8B4A-11D0-8D11-00A0C91BC942}") = "circle_area_pointer", "circle_area_pointer\circle_area_pointer.vcxproj", "{FE591068-526A-4F5E-874C-9FC0074C375D}"
EndProject
Global
	GlobalSection(SolutionConfigurationPlatforms) = preSolution
		Debug|x64 = Debug|x64
		Debug|x86 = Debug|x86
		Release|x64 = Release|x64
		Release|x86 = Release|x86
	EndGlobalSection
	GlobalSection(ProjectConfigurationPlatforms) = postSolution
		{FE591068-526A-4F5E-874C-9FC0074C375D}.Debug|x64.ActiveCfg = Debug|x64
		{FE591068-526A-4F5E-874C-9FC0074C375D}.Debug|x64.Build.0 = Debug|x64
		{FE591068-526A-4F5E-874C-9FC0074C375D}.Debug|x86.ActiveCfg = Debug|Win32
		{FE591068-526A-4F5E-874C-9FC0074C375D}.Debug|x86.Build.0 = Debug|Win32
		{FE591068-526A-4F5E-874C-9FC0074C375D}.Release|x64.ActiveCfg = Release|x64
		{FE591068-526A-4F5E-874C-9FC0074C375D}.Release|x64.Build.0 = Release|x64
		{FE591068-526A-4F5E-874C-9FC0074C375D}.Release|x86.ActiveCfg = Release|Win32
		{FE591068-526A-4F5E-874C-9FC0074C375D}.Release|x86.Build.0 = Release|Win32
	EndGlobalSection
	GlobalSection(SolutionProperties) = preSolution
		HideSolutionNode = FALSE
	EndGlobalSection
	GlobalSection(ExtensibilityGlobals) = postSolution
		SolutionGuid = {B9E0DD6B-3A5D-4ACC-AA43-EDA9439A6041}
	EndGlobalSection
EndGlobal
