
Microsoft Visual Studio Solution File, Format Version 12.00
# Visual Studio Version 16
VisualStudioVersion = 16.0.28803.452
MinimumVisualStudioVersion = 10.0.40219.1
Project("{8BC9CEB8-8B4A-11D0-8D11-00A0C91BC942}") = "class_car", "class_car\class_car.vcxproj", "{CC307A59-DEAF-45D6-BFD1-32920DCA55C0}"
EndProject
Global
	GlobalSection(SolutionConfigurationPlatforms) = preSolution
		Debug|x64 = Debug|x64
		Debug|x86 = Debug|x86
		Release|x64 = Release|x64
		Release|x86 = Release|x86
	EndGlobalSection
	GlobalSection(ProjectConfigurationPlatforms) = postSolution
		{CC307A59-DEAF-45D6-BFD1-32920DCA55C0}.Debug|x64.ActiveCfg = Debug|x64
		{CC307A59-DEAF-45D6-BFD1-32920DCA55C0}.Debug|x64.Build.0 = Debug|x64
		{CC307A59-DEAF-45D6-BFD1-32920DCA55C0}.Debug|x86.ActiveCfg = Debug|Win32
		{CC307A59-DEAF-45D6-BFD1-32920DCA55C0}.Debug|x86.Build.0 = Debug|Win32
		{CC307A59-DEAF-45D6-BFD1-32920DCA55C0}.Release|x64.ActiveCfg = Release|x64
		{CC307A59-DEAF-45D6-BFD1-32920DCA55C0}.Release|x64.Build.0 = Release|x64
		{CC307A59-DEAF-45D6-BFD1-32920DCA55C0}.Release|x86.ActiveCfg = Release|Win32
		{CC307A59-DEAF-45D6-BFD1-32920DCA55C0}.Release|x86.Build.0 = Release|Win32
	EndGlobalSection
	GlobalSection(SolutionProperties) = preSolution
		HideSolutionNode = FALSE
	EndGlobalSection
	GlobalSection(ExtensibilityGlobals) = postSolution
		SolutionGuid = {EDF22741-8072-43F8-8215-E917B446F5B5}
	EndGlobalSection
EndGlobal
